
Microsoft Visual Studio Solution File, Format Version 12.00
# Visual Studio 14
VisualStudioVersion = 14.0.25123.0
MinimumVisualStudioVersion = 10.0.40219.1
Project("{FAE04EC0-301F-11D3-BF4B-00C04F79EFBC}") = "snakeGame (2-8-2015)", "snakeGame (2-8-2015)\snakeGame (2-8-2015).csproj", "{10A906CC-E9F6-44E9-8C0D-12DCDF1C2CBC}"
EndProject
Global
	GlobalSection(SolutionConfigurationPlatforms) = preSolution
		Debug|Any CPU = Debug|Any CPU
		Release|Any CPU = Release|Any CPU
	EndGlobalSection
	GlobalSection(ProjectConfigurationPlatforms) = postSolution
		{10A906CC-E9F6-44E9-8C0D-12DCDF1C2CBC}.Debug|Any CPU.ActiveCfg = Debug|Any CPU
		{10A906CC-E9F6-44E9-8C0D-12DCDF1C2CBC}.Debug|Any CPU.Build.0 = Debug|Any CPU
		{10A906CC-E9F6-44E9-8C0D-12DCDF1C2CBC}.Release|Any CPU.ActiveCfg = Release|Any CPU
		{10A906CC-E9F6-44E9-8C0D-12DCDF1C2CBC}.Release|Any CPU.Build.0 = Release|Any CPU
	EndGlobalSection
	GlobalSection(SolutionProperties) = preSolution
		HideSolutionNode = FALSE
	EndGlobalSection
EndGlobal
